
Microsoft Visual Studio Solution File, Format Version 12.00
Project("{FAE04EC0-301F-11D3-BF4B-00C04F79EFBC}") = "ContactApi", "ContactApi.csproj", "{2CA244CA-E3DA-4334-AB3B-42069C6BE266}"
EndProject
Global
	GlobalSection(SolutionConfigurationPlatforms) = preSolution
		Debug|Any CPU = Debug|Any CPU
		Release|Any CPU = Release|Any CPU
	EndGlobalSection
	GlobalSection(ProjectConfigurationPlatforms) = postSolution
		{2CA244CA-E3DA-4334-AB3B-42069C6BE266}.Debug|Any CPU.ActiveCfg = Debug|Any CPU
		{2CA244CA-E3DA-4334-AB3B-42069C6BE266}.Debug|Any CPU.Build.0 = Debug|Any CPU
		{2CA244CA-E3DA-4334-AB3B-42069C6BE266}.Release|Any CPU.ActiveCfg = Release|Any CPU
		{2CA244CA-E3DA-4334-AB3B-42069C6BE266}.Release|Any CPU.Build.0 = Release|Any CPU
	EndGlobalSection
EndGlobal
